Microsoft Visual Studio Solution File, Format Version 12.00
# Visual Studio Version 17
VisualStudioVersion = 17.5.2.0
MinimumVisualStudioVersion = 10.0.40219.1
Project("{FAE04EC0-301F-11D3-BF4B-00C04F79EFBC}") = "Cloud Image Uploader", "Cloud Image Uploader.csproj", "{12E06A2F-4A36-D3E8-5210-38934642A2CE}"
EndProject
Global
	GlobalSection(SolutionConfigurationPlatforms) = preSolution
		Debug|Any CPU = Debug|Any CPU
		Release|Any CPU = Release|Any CPU
	EndGlobalSection
	GlobalSection(ProjectConfigurationPlatforms) = postSolution
		{12E06A2F-4A36-D3E8-5210-38934642A2CE}.Debug|Any CPU.ActiveCfg = Debug|Any CPU
		{12E06A2F-4A36-D3E8-5210-38934642A2CE}.Debug|Any CPU.Build.0 = Debug|Any CPU
		{12E06A2F-4A36-D3E8-5210-38934642A2CE}.Release|Any CPU.ActiveCfg = Release|Any CPU
		{12E06A2F-4A36-D3E8-5210-38934642A2CE}.Release|Any CPU.Build.0 = Release|Any CPU
	EndGlobalSection
	GlobalSection(SolutionProperties) = preSolution
		HideSolutionNode = FALSE
	EndGlobalSection
	GlobalSection(ExtensibilityGlobals) = postSolution
		SolutionGuid = {595CBD6E-36AF-476B-9D66-B8F2AA2F9A23}
	EndGlobalSection
EndGlobal
